# THIS IS AN AUTOGENERATED FILE. DO NOT EDIT THIS FILE DIRECTLY.
# yarn lockfile v1


"@ficlabapp/bitfield@^1.0.11":
  version "1.0.11"
  resolved "https://registry.yarnpkg.com/@ficlabapp/bitfield/-/bitfield-1.0.11.tgz#92f003783580e607f56936602b85a6c5694e8cba"
  integrity sha512-gs6pGVvRAHkhQnzV8gDNGXH3+irYcTQ4ItF/pX18gZpodqi+i2CW0ZQzar0Q+YgzpyRlEZji8GCsLd+iyXjn6w==

match-words@^0.1.0:
  version "0.1.1"
  resolved "https://registry.yarnpkg.com/match-words/-/match-words-0.1.1.tgz#dcd3119e74a6a67be4304ca5cf926580e8e1a7af"
  integrity sha512-cywKmeeoNFi//GGLHZ+Zb/M3ZX0VTwJjotLMWhDZoBRtSbw3kraIuIxw7P/xy+t5NSAMHNVeljM63WRBYQ563w==
  dependencies:
    word-regex "^0.1.0"

prettier@^2.1.2:
  version "2.8.4"
  resolved "https://registry.yarnpkg.com/prettier/-/prettier-2.8.4.tgz#34dd2595629bfbb79d344ac4a91ff948694463c3"
  integrity sha512-vIS4Rlc2FNh0BySk3Wkd6xmwxB0FpOndW5fisM5H8hsZSxU2VWVB5CWIkIjWvrHjIhxk2g3bfMKM87zNTrZddw==

word-regex@^0.1.0:
  version "0.1.2"
  resolved "https://registry.yarnpkg.com/word-regex/-/word-regex-0.1.2.tgz#a3bc7f2d222ce4a93c246c3ef69458f61f511639"
  integrity sha512-4jK/OibPeindR9o/sryObhVWNgD2LJCMJFWEME69p48sEYpE9axfyjHK+RqYcOeoEoqcqJEPE9iMdiiFpXHo0Q==

wordcount@^1.1.1:
  version "1.1.1"
  resolved "https://registry.yarnpkg.com/wordcount/-/wordcount-1.1.1.tgz#e72da7833904d870a154c9ef47ed5f3e7997cf57"
  integrity sha512-3PzTv5i9Zq+DYjYFs9mybWjz3uxd19pzZEhroS0C/424IxrxWeqd+0Qt/R+UjydSWutYjaQSTklO9EBZ6YsiWg==
  dependencies:
    match-words "^0.1.0"
